
Microsoft Visual Studio Solution File, Format Version 12.00
# Visual Studio 15
VisualStudioVersion = 15.0.27428.2043
MinimumVisualStudioVersion = 10.0.40219.1
Project("{FAE04EC0-301F-11D3-BF4B-00C04F79EFBC}") = "TI", "TI\TI.csproj", "{1278490B-45D6-487D-9B6B-8578C7123111}"
EndProject
Global
	GlobalSection(SolutionConfigurationPlatforms) = preSolution
		Debug|Any CPU = Debug|Any CPU
		Release|Any CPU = Release|Any CPU
	EndGlobalSection
	GlobalSection(ProjectConfigurationPlatforms) = postSolution
		{1278490B-45D6-487D-9B6B-8578C7123111}.Debug|Any CPU.ActiveCfg = Debug|Any CPU
		{1278490B-45D6-487D-9B6B-8578C7123111}.Debug|Any CPU.Build.0 = Debug|Any CPU
		{1278490B-45D6-487D-9B6B-8578C7123111}.Release|Any CPU.ActiveCfg = Release|Any CPU
		{1278490B-45D6-487D-9B6B-8578C7123111}.Release|Any CPU.Build.0 = Release|Any CPU
	EndGlobalSection
	GlobalSection(SolutionProperties) = preSolution
		HideSolutionNode = FALSE
	EndGlobalSection
	GlobalSection(ExtensibilityGlobals) = postSolution
		SolutionGuid = {C1C99757-C19C-4EC3-B99C-572A1C411A0F}
	EndGlobalSection
EndGlobal
